
Microsoft Visual Studio Solution File, Format Version 12.00
# Visual Studio Version 17
VisualStudioVersion = 17.8.34309.116
MinimumVisualStudioVersion = 10.0.40219.1
Project("{FAE04EC0-301F-11D3-BF4B-00C04F79EFBC}") = "Excel.To.Object", "Excel.To.Object\Excel.To.Object.csproj", "{68EDA3B5-9A07-4322-A973-EA604344A5DB}"
EndProject
Global
	GlobalSection(SolutionConfigurationPlatforms) = preSolution
		Debug|Any CPU = Debug|Any CPU
		Release|Any CPU = Release|Any CPU
	EndGlobalSection
	GlobalSection(ProjectConfigurationPlatforms) = postSolution
		{68EDA3B5-9A07-4322-A973-EA604344A5DB}.Debug|Any CPU.ActiveCfg = Debug|Any CPU
		{68EDA3B5-9A07-4322-A973-EA604344A5DB}.Debug|Any CPU.Build.0 = Debug|Any CPU
		{68EDA3B5-9A07-4322-A973-EA604344A5DB}.Release|Any CPU.ActiveCfg = Release|Any CPU
		{68EDA3B5-9A07-4322-A973-EA604344A5DB}.Release|Any CPU.Build.0 = Release|Any CPU
	EndGlobalSection
	GlobalSection(SolutionProperties) = preSolution
		HideSolutionNode = FALSE
	EndGlobalSection
	GlobalSection(ExtensibilityGlobals) = postSolution
		SolutionGuid = {F26F399F-E6B5-4A9D-8203-691C1318A575}
	EndGlobalSection
EndGlobal
